
Microsoft Visual Studio Solution File, Format Version 12.00
# Visual Studio Version 16
VisualStudioVersion = 16.0.30523.141
MinimumVisualStudioVersion = 10.0.40219.1
Project("{9A19103F-16F7-4668-BE54-9A1E7A4F7556}") = "TimeReader", "TimeReader\TimeReader.csproj", "{97499B23-C134-48E6-8D78-DDC7E3B0C19C}"
EndProject
Project("{FAE04EC0-301F-11D3-BF4B-00C04F79EFBC}") = "TimeReader.Test", "TimeReader.Test\TimeReader.Test.csproj", "{74820D6F-AC10-4294-980D-2661F619433F}"
EndProject
Project("{FAE04EC0-301F-11D3-BF4B-00C04F79EFBC}") = "Presentation", "Presentation\Presentation.csproj", "{EB4F837F-33AC-4F52-9DCF-1A8A249E9220}"
EndProject
Global
	GlobalSection(SolutionConfigurationPlatforms) = preSolution
		Debug|Any CPU = Debug|Any CPU
		Release|Any CPU = Release|Any CPU
	EndGlobalSection
	GlobalSection(ProjectConfigurationPlatforms) = postSolution
		{97499B23-C134-48E6-8D78-DDC7E3B0C19C}.Debug|Any CPU.ActiveCfg = Debug|Any CPU
		{97499B23-C134-48E6-8D78-DDC7E3B0C19C}.Debug|Any CPU.Build.0 = Debug|Any CPU
		{97499B23-C134-48E6-8D78-DDC7E3B0C19C}.Release|Any CPU.ActiveCfg = Release|Any CPU
		{97499B23-C134-48E6-8D78-DDC7E3B0C19C}.Release|Any CPU.Build.0 = Release|Any CPU
		{74820D6F-AC10-4294-980D-2661F619433F}.Debug|Any CPU.ActiveCfg = Debug|Any CPU
		{74820D6F-AC10-4294-980D-2661F619433F}.Debug|Any CPU.Build.0 = Debug|Any CPU
		{74820D6F-AC10-4294-980D-2661F619433F}.Release|Any CPU.ActiveCfg = Release|Any CPU
		{74820D6F-AC10-4294-980D-2661F619433F}.Release|Any CPU.Build.0 = Release|Any CPU
		{EB4F837F-33AC-4F52-9DCF-1A8A249E9220}.Debug|Any CPU.ActiveCfg = Debug|Any CPU
		{EB4F837F-33AC-4F52-9DCF-1A8A249E9220}.Debug|Any CPU.Build.0 = Debug|Any CPU
		{EB4F837F-33AC-4F52-9DCF-1A8A249E9220}.Release|Any CPU.ActiveCfg = Release|Any CPU
		{EB4F837F-33AC-4F52-9DCF-1A8A249E9220}.Release|Any CPU.Build.0 = Release|Any CPU
	EndGlobalSection
	GlobalSection(SolutionProperties) = preSolution
		HideSolutionNode = FALSE
	EndGlobalSection
	GlobalSection(ExtensibilityGlobals) = postSolution
		SolutionGuid = {48FB5CEE-56C1-45BE-915D-ED86DF4D9A24}
	EndGlobalSection
EndGlobal
